// !$*UTF8*$!
{
	archiveVersion = 1;
	classes = {
	};
	objectVersion = 56;
	objects = {

/* Begin PBXBuildFile section */
		590A84EE2C935747004D18F0 /* SettingsViewController.swift in Sources */ = {isa = PBXBuildFile; fileRef = 590A84EC2C935747004D18F0 /* SettingsViewController.swift */; };
		590A84EF2C935747004D18F0 /* SettingsView.xib in Resources */ = {isa = PBXBuildFile; fileRef = 590A84ED2C935747004D18F0 /* SettingsView.xib */; };
		590B3FAC2C541E1800C718A9 /* A2Codes.swift in Sources */ = {isa = PBXBuildFile; fileRef = 590B3FAB2C541E1800C718A9 /* A2Codes.swift */; };
		5917956D2CA8C232001258BC /* ProfileView.swift in Sources */ = {isa = PBXBuildFile; fileRef = 5917956C2CA8C232001258BC /* ProfileView.swift */; };
		5917D3DF2C4AC9E700B72587 /* GoogleService-Info.plist in Resources */ = {isa = PBXBuildFile; fileRef = 5917D3DE2C4AC9E700B72587 /* GoogleService-Info.plist */; };
		5917D3E22C4ACAA600B72587 /* FirebaseAuth in Frameworks */ = {isa = PBXBuildFile; productRef = 5917D3E12C4ACAA600B72587 /* FirebaseAuth */; };
		5917D3E42C4ACAA600B72587 /* FirebaseAuthCombine-Community in Frameworks */ = {isa = PBXBuildFile; productRef = 5917D3E32C4ACAA600B72587 /* FirebaseAuthCombine-Community */; };
		5917D3E62C4ACAA600B72587 /* FirebaseDatabase in Frameworks */ = {isa = PBXBuildFile; productRef = 5917D3E52C4ACAA600B72587 /* FirebaseDatabase */; };
		5917D3E82C4ACAA600B72587 /* FirebaseDatabaseSwift in Frameworks */ = {isa = PBXBuildFile; productRef = 5917D3E72C4ACAA600B72587 /* FirebaseDatabaseSwift */; };
		5917D3EA2C4ACAA600B72587 /* FirebaseFirestore in Frameworks */ = {isa = PBXBuildFile; productRef = 5917D3E92C4ACAA600B72587 /* FirebaseFirestore */; };
		5917D3EC2C4ACAA600B72587 /* FirebaseFunctions in Frameworks */ = {isa = PBXBuildFile; productRef = 5917D3EB2C4ACAA600B72587 /* FirebaseFunctions */; };
		5917D3EE2C4ACAA600B72587 /* FirebaseStorage in Frameworks */ = {isa = PBXBuildFile; productRef = 5917D3ED2C4ACAA600B72587 /* FirebaseStorage */; };
		5917D3F02C4ACAA600B72587 /* FirebaseStorageCombine-Community in Frameworks */ = {isa = PBXBuildFile; productRef = 5917D3EF2C4ACAA600B72587 /* FirebaseStorageCombine-Community */; };
		5917D3F22C4ACE8000B72587 /* RegisterModel.swift in Sources */ = {isa = PBXBuildFile; fileRef = 5917D3F12C4ACE8000B72587 /* RegisterModel.swift */; };
		5917D3F52C4AE2FC00B72587 /* AuthService.swift in Sources */ = {isa = PBXBuildFile; fileRef = 5917D3F42C4AE2FC00B72587 /* AuthService.swift */; };
		591952D42BB5E29000FD52FE /* LocationModel.swift in Sources */ = {isa = PBXBuildFile; fileRef = 591952D32BB5E29000FD52FE /* LocationModel.swift */; };
		591952D62BB5E29A00FD52FE /* UserModel.swift in Sources */ = {isa = PBXBuildFile; fileRef = 591952D52BB5E29A00FD52FE /* UserModel.swift */; };
		591952D82BB5E2A200FD52FE /* TripModel.swift in Sources */ = {isa = PBXBuildFile; fileRef = 591952D72BB5E2A200FD52FE /* TripModel.swift */; };
		591952DA2BB5E39200FD52FE /* CurrentUser.swift in Sources */ = {isa = PBXBuildFile; fileRef = 591952D92BB5E39200FD52FE /* CurrentUser.swift */; };
		591952DE2BB5E5BC00FD52FE /* MyTripsViewCell.swift in Sources */ = {isa = PBXBuildFile; fileRef = 591952DC2BB5E5BC00FD52FE /* MyTripsViewCell.swift */; };
		591952DF2BB5E5BC00FD52FE /* MyTripsViewCell.xib in Resources */ = {isa = PBXBuildFile; fileRef = 591952DD2BB5E5BC00FD52FE /* MyTripsViewCell.xib */; };
		59205C582CFB3E61003CE9D4 /* DataModel.xcdatamodeld in Sources */ = {isa = PBXBuildFile; fileRef = 59205C562CFB3E61003CE9D4 /* DataModel.xcdatamodeld */; };
		59205C5B2CFB3F46003CE9D4 /* CoreData.framework in Frameworks */ = {isa = PBXBuildFile; fileRef = 59205C5A2CFB3F46003CE9D4 /* CoreData.framework */; };
		592B40B92CE7B5BC006C6A1E /* ProfileViewHostingController.swift in Sources */ = {isa = PBXBuildFile; fileRef = 592B40B82CE7B5BC006C6A1E /* ProfileViewHostingController.swift */; };
		5943E1A52BB2147B001BEFD6 /* AppDelegate.swift in Sources */ = {isa = PBXBuildFile; fileRef = 5943E1A42BB2147B001BEFD6 /* AppDelegate.swift */; };
		5943E1A72BB2147B001BEFD6 /* SceneDelegate.swift in Sources */ = {isa = PBXBuildFile; fileRef = 5943E1A62BB2147B001BEFD6 /* SceneDelegate.swift */; };
		5943E1AE2BB2147C001BEFD6 /* Assets.xcassets in Resources */ = {isa = PBXBuildFile; fileRef = 5943E1AD2BB2147C001BEFD6 /* Assets.xcassets */; };
		5943E1B12BB2147C001BEFD6 /* LaunchScreen.storyboard in Resources */ = {isa = PBXBuildFile; fileRef = 5943E1AF2BB2147C001BEFD6 /* LaunchScreen.storyboard */; };
		5943E1BB2BB214EC001BEFD6 /* LoginViewController.swift in Sources */ = {isa = PBXBuildFile; fileRef = 5943E1B92BB214EC001BEFD6 /* LoginViewController.swift */; };
		5943E1BC2BB214EC001BEFD6 /* LoginView.xib in Resources */ = {isa = PBXBuildFile; fileRef = 5943E1BA2BB214EC001BEFD6 /* LoginView.xib */; };
		5943E1C02BB217BA001BEFD6 /* RegisterViewController.swift in Sources */ = {isa = PBXBuildFile; fileRef = 5943E1BE2BB217BA001BEFD6 /* RegisterViewController.swift */; };
		5943E1C12BB217BA001BEFD6 /* RegisterView.xib in Resources */ = {isa = PBXBuildFile; fileRef = 5943E1BF2BB217BA001BEFD6 /* RegisterView.xib */; };
		5943E1C32BB21C53001BEFD6 /* TabBarController.swift in Sources */ = {isa = PBXBuildFile; fileRef = 5943E1C22BB21C53001BEFD6 /* TabBarController.swift */; };
		5943E1CC2BB21CE3001BEFD6 /* MyTripsCollectionViewController.swift in Sources */ = {isa = PBXBuildFile; fileRef = 5943E1CA2BB21CE3001BEFD6 /* MyTripsCollectionViewController.swift */; };
		5943E1CD2BB21CE3001BEFD6 /* MyTripsCollectionView.xib in Resources */ = {isa = PBXBuildFile; fileRef = 5943E1CB2BB21CE3001BEFD6 /* MyTripsCollectionView.xib */; };
		59960C952BB8860900724A22 /* AddLocationsView.xib in Resources */ = {isa = PBXBuildFile; fileRef = 59960C942BB8860900724A22 /* AddLocationsView.xib */; };
		59960C962BB8860900724A22 /* AddLocationsViewController.swift in Sources */ = {isa = PBXBuildFile; fileRef = 59960C932BB8860900724A22 /* AddLocationsViewController.swift */; };
		599E5D112BB7689E00E6DE7E /* TripViewController.swift in Sources */ = {isa = PBXBuildFile; fileRef = 599E5D0F2BB7689E00E6DE7E /* TripViewController.swift */; };
		599E5D122BB7689E00E6DE7E /* TripView.xib in Resources */ = {isa = PBXBuildFile; fileRef = 599E5D102BB7689E00E6DE7E /* TripView.xib */; };
		59A850EC2BB9C938005D3E9B /* AddTripView.xib in Resources */ = {isa = PBXBuildFile; fileRef = 59A850EB2BB9C938005D3E9B /* AddTripView.xib */; };
		59A850ED2BB9C938005D3E9B /* AddTripViewController.swift in Sources */ = {isa = PBXBuildFile; fileRef = 59A850EA2BB9C938005D3E9B /* AddTripViewController.swift */; };
		59A949C42D6A5B6300E175C6 /* Repository.swift in Sources */ = {isa = PBXBuildFile; fileRef = 59A949C32D6A5B6300E175C6 /* Repository.swift */; };
		59A949C62D6A5B8D00E175C6 /* LocalDataSource.swift in Sources */ = {isa = PBXBuildFile; fileRef = 59A949C52D6A5B8D00E175C6 /* LocalDataSource.swift */; };
		59A949C82D6A5B9500E175C6 /* RemoteDataSource.swift in Sources */ = {isa = PBXBuildFile; fileRef = 59A949C72D6A5B9500E175C6 /* RemoteDataSource.swift */; };
		59B074D12D63C371003BF869 /* ExtraUtils.swift in Sources */ = {isa = PBXBuildFile; fileRef = 59B074D02D63C371003BF869 /* ExtraUtils.swift */; };
		59C74A402CEA7E710080724F /* AchievementsView.swift in Sources */ = {isa = PBXBuildFile; fileRef = 59C74A3F2CEA7E710080724F /* AchievementsView.swift */; };
		59C74A422CEA7EA10080724F /* AchievementsViewHostingController.swift in Sources */ = {isa = PBXBuildFile; fileRef = 59C74A412CEA7EA10080724F /* AchievementsViewHostingController.swift */; };
		59EB989A2C973E2700655953 /* UserEntity.swift in Sources */ = {isa = PBXBuildFile; fileRef = 59EB98992C973E2700655953 /* UserEntity.swift */; };
		59EB989C2C973E4000655953 /* TripEntity.swift in Sources */ = {isa = PBXBuildFile; fileRef = 59EB989B2C973E4000655953 /* TripEntity.swift */; };
		59EB989E2C973E8500655953 /* LocationEntity.swift in Sources */ = {isa = PBXBuildFile; fileRef = 59EB989D2C973E8500655953 /* LocationEntity.swift */; };
		59EE18252C83C31000228B4A /* TripViewCellController.swift in Sources */ = {isa = PBXBuildFile; fileRef = 59EE18232C83C31000228B4A /* TripViewCellController.swift */; };
		59EE18262C83C31000228B4A /* TripViewCell.xib in Resources */ = {isa = PBXBuildFile; fileRef = 59EE18242C83C31000228B4A /* TripViewCell.xib */; };
		59F56CFE2BB618EF00D3649E /* NameAndDescriptionTableViewCell.swift in Sources */ = {isa = PBXBuildFile; fileRef = 59F56CFC2BB618EF00D3649E /* NameAndDescriptionTableViewCell.swift */; };
		59F56CFF2BB618EF00D3649E /* NameAndDescriptionTableView.xib in Resources */ = {isa = PBXBuildFile; fileRef = 59F56CFD2BB618EF00D3649E /* NameAndDescriptionTableView.xib */; };
/* End PBXBuildFile section */

/* Begin PBXFileReference section */
		590A84EC2C935747004D18F0 /* SettingsViewController.swift */ = {isa = PBXFileReference; lastKnownFileType = sourcecode.swift; path = SettingsViewController.swift; sourceTree = "<group>"; };
		590A84ED2C935747004D18F0 /* SettingsView.xib */ = {isa = PBXFileReference; lastKnownFileType = file.xib; path = SettingsView.xib; sourceTree = "<group>"; };
		590B3FAB2C541E1800C718A9 /* A2Codes.swift */ = {isa = PBXFileReference; lastKnownFileType = sourcecode.swift; path = A2Codes.swift; sourceTree = "<group>"; };
		5917956C2CA8C232001258BC /* ProfileView.swift */ = {isa = PBXFileReference; lastKnownFileType = sourcecode.swift; path = ProfileView.swift; sourceTree = "<group>"; };
		5917D3DE2C4AC9E700B72587 /* GoogleService-Info.plist */ = {isa = PBXFileReference; fileEncoding = 4; lastKnownFileType = text.plist.xml; name = "GoogleService-Info.plist"; path = "../../../../Downloads/GoogleService-Info.plist"; sourceTree = "<group>"; };
		5917D3F12C4ACE8000B72587 /* RegisterModel.swift */ = {isa = PBXFileReference; lastKnownFileType = sourcecode.swift; path = RegisterModel.swift; sourceTree = "<group>"; };
		5917D3F42C4AE2FC00B72587 /* AuthService.swift */ = {isa = PBXFileReference; lastKnownFileType = sourcecode.swift; path = AuthService.swift; sourceTree = "<group>"; };
		591952D32BB5E29000FD52FE /* LocationModel.swift */ = {isa = PBXFileReference; lastKnownFileType = sourcecode.swift; path = LocationModel.swift; sourceTree = "<group>"; };
		591952D52BB5E29A00FD52FE /* UserModel.swift */ = {isa = PBXFileReference; lastKnownFileType = sourcecode.swift; path = UserModel.swift; sourceTree = "<group>"; };
		591952D72BB5E2A200FD52FE /* TripModel.swift */ = {isa = PBXFileReference; lastKnownFileType = sourcecode.swift; path = TripModel.swift; sourceTree = "<group>"; };
		591952D92BB5E39200FD52FE /* CurrentUser.swift */ = {isa = PBXFileReference; lastKnownFileType = sourcecode.swift; path = CurrentUser.swift; sourceTree = "<group>"; };
		591952DC2BB5E5BC00FD52FE /* MyTripsViewCell.swift */ = {isa = PBXFileReference; lastKnownFileType = sourcecode.swift; path = MyTripsViewCell.swift; sourceTree = "<group>"; };
		591952DD2BB5E5BC00FD52FE /* MyTripsViewCell.xib */ = {isa = PBXFileReference; lastKnownFileType = file.xib; path = MyTripsViewCell.xib; sourceTree = "<group>"; };
		59205C572CFB3E61003CE9D4 /* DataModel.xcdatamodel */ = {isa = PBXFileReference; lastKnownFileType = wrapper.xcdatamodel; path = DataModel.xcdatamodel; sourceTree = "<group>"; };
		59205C5A2CFB3F46003CE9D4 /* CoreData.framework */ = {isa = PBXFileReference; lastKnownFileType = wrapper.framework; name = CoreData.framework; path = System/Library/Frameworks/CoreData.framework; sourceTree = SDKROOT; };
		592B40B82CE7B5BC006C6A1E /* ProfileViewHostingController.swift */ = {isa = PBXFileReference; lastKnownFileType = sourcecode.swift; path = ProfileViewHostingController.swift; sourceTree = "<group>"; };
		5943E1A12BB2147B001BEFD6 /* TravelBook.app */ = {isa = PBXFileReference; explicitFileType = wrapper.application; includeInIndex = 0; path = TravelBook.app; sourceTree = BUILT_PRODUCTS_DIR; };
		5943E1A42BB2147B001BEFD6 /* AppDelegate.swift */ = {isa = PBXFileReference; lastKnownFileType = sourcecode.swift; path = AppDelegate.swift; sourceTree = "<group>"; };
		5943E1A62BB2147B001BEFD6 /* SceneDelegate.swift */ = {isa = PBXFileReference; lastKnownFileType = sourcecode.swift; path = SceneDelegate.swift; sourceTree = "<group>"; };
		5943E1AD2BB2147C001BEFD6 /* Assets.xcassets */ = {isa = PBXFileReference; lastKnownFileType = folder.assetcatalog; path = Assets.xcassets; sourceTree = "<group>"; };
		5943E1B02BB2147C001BEFD6 /* Base */ = {isa = PBXFileReference; lastKnownFileType = file.storyboard; name = Base; path = Base.lproj/LaunchScreen.storyboard; sourceTree = "<group>"; };
		5943E1B22BB2147C001BEFD6 /* Info.plist */ = {isa = PBXFileReference; lastKnownFileType = text.plist.xml; path = Info.plist; sourceTree = "<group>"; };
		5943E1B92BB214EC001BEFD6 /* LoginViewController.swift */ = {isa = PBXFileReference; lastKnownFileType = sourcecode.swift; path = LoginViewController.swift; sourceTree = "<group>"; };
		5943E1BA2BB214EC001BEFD6 /* LoginView.xib */ = {isa = PBXFileReference; lastKnownFileType = file.xib; path = LoginView.xib; sourceTree = "<group>"; };
		5943E1BE2BB217BA001BEFD6 /* RegisterViewController.swift */ = {isa = PBXFileReference; lastKnownFileType = sourcecode.swift; path = RegisterViewController.swift; sourceTree = "<group>"; };
		5943E1BF2BB217BA001BEFD6 /* RegisterView.xib */ = {isa = PBXFileReference; lastKnownFileType = file.xib; path = RegisterView.xib; sourceTree = "<group>"; };
		5943E1C22BB21C53001BEFD6 /* TabBarController.swift */ = {isa = PBXFileReference; lastKnownFileType = sourcecode.swift; path = TabBarController.swift; sourceTree = "<group>"; };
		5943E1CA2BB21CE3001BEFD6 /* MyTripsCollectionViewController.swift */ = {isa = PBXFileReference; lastKnownFileType = sourcecode.swift; path = MyTripsCollectionViewController.swift; sourceTree = "<group>"; };
		5943E1CB2BB21CE3001BEFD6 /* MyTripsCollectionView.xib */ = {isa = PBXFileReference; lastKnownFileType = file.xib; path = MyTripsCollectionView.xib; sourceTree = "<group>"; };
		59960C932BB8860900724A22 /* AddLocationsViewController.swift */ = {isa = PBXFileReference; lastKnownFileType = sourcecode.swift; path = AddLocationsViewController.swift; sourceTree = "<group>"; };
		59960C942BB8860900724A22 /* AddLocationsView.xib */ = {isa = PBXFileReference; lastKnownFileType = file.xib; path = AddLocationsView.xib; sourceTree = "<group>"; };
		599E5D0F2BB7689E00E6DE7E /* TripViewController.swift */ = {isa = PBXFileReference; lastKnownFileType = sourcecode.swift; path = TripViewController.swift; sourceTree = "<group>"; };
		599E5D102BB7689E00E6DE7E /* TripView.xib */ = {isa = PBXFileReference; lastKnownFileType = file.xib; path = TripView.xib; sourceTree = "<group>"; };
		59A850EA2BB9C938005D3E9B /* AddTripViewController.swift */ = {isa = PBXFileReference; lastKnownFileType = sourcecode.swift; path = AddTripViewController.swift; sourceTree = "<group>"; };
		59A850EB2BB9C938005D3E9B /* AddTripView.xib */ = {isa = PBXFileReference; lastKnownFileType = file.xib; path = AddTripView.xib; sourceTree = "<group>"; };
		59A949C32D6A5B6300E175C6 /* Repository.swift */ = {isa = PBXFileReference; lastKnownFileType = sourcecode.swift; path = Repository.swift; sourceTree = "<group>"; };
		59A949C52D6A5B8D00E175C6 /* LocalDataSource.swift */ = {isa = PBXFileReference; lastKnownFileType = sourcecode.swift; path = LocalDataSource.swift; sourceTree = "<group>"; };
		59A949C72D6A5B9500E175C6 /* RemoteDataSource.swift */ = {isa = PBXFileReference; lastKnownFileType = sourcecode.swift; path = RemoteDataSource.swift; sourceTree = "<group>"; };
		59B074D02D63C371003BF869 /* ExtraUtils.swift */ = {isa = PBXFileReference; lastKnownFileType = sourcecode.swift; path = ExtraUtils.swift; sourceTree = "<group>"; };
		59C74A3F2CEA7E710080724F /* AchievementsView.swift */ = {isa = PBXFileReference; lastKnownFileType = sourcecode.swift; path = AchievementsView.swift; sourceTree = "<group>"; };
		59C74A412CEA7EA10080724F /* AchievementsViewHostingController.swift */ = {isa = PBXFileReference; lastKnownFileType = sourcecode.swift; path = AchievementsViewHostingController.swift; sourceTree = "<group>"; };
		59D02BA12D611B0400FA8777 /* Travelbook.entitlements */ = {isa = PBXFileReference; lastKnownFileType = text.plist.entitlements; path = Travelbook.entitlements; sourceTree = "<group>"; };
		59EB98992C973E2700655953 /* UserEntity.swift */ = {isa = PBXFileReference; lastKnownFileType = sourcecode.swift; path = UserEntity.swift; sourceTree = "<group>"; };
		59EB989B2C973E4000655953 /* TripEntity.swift */ = {isa = PBXFileReference; lastKnownFileType = sourcecode.swift; path = TripEntity.swift; sourceTree = "<group>"; };
		59EB989D2C973E8500655953 /* LocationEntity.swift */ = {isa = PBXFileReference; lastKnownFileType = sourcecode.swift; path = LocationEntity.swift; sourceTree = "<group>"; };
		59EE18232C83C31000228B4A /* TripViewCellController.swift */ = {isa = PBXFileReference; lastKnownFileType = sourcecode.swift; path = TripViewCellController.swift; sourceTree = "<group>"; };
		59EE18242C83C31000228B4A /* TripViewCell.xib */ = {isa = PBXFileReference; lastKnownFileType = file.xib; path = TripViewCell.xib; sourceTree = "<group>"; };
		59F56CFC2BB618EF00D3649E /* NameAndDescriptionTableViewCell.swift */ = {isa = PBXFileReference; lastKnownFileType = sourcecode.swift; path = NameAndDescriptionTableViewCell.swift; sourceTree = "<group>"; };
		59F56CFD2BB618EF00D3649E /* NameAndDescriptionTableView.xib */ = {isa = PBXFileReference; lastKnownFileType = file.xib; path = NameAndDescriptionTableView.xib; sourceTree = "<group>"; };
/* End PBXFileReference section */

/* Begin PBXFrameworksBuildPhase section */
		5943E19E2BB2147B001BEFD6 /* Frameworks */ = {
			isa = PBXFrameworksBuildPhase;
			buildActionMask = 2147483647;
			files = (
				5917D3E82C4ACAA600B72587 /* FirebaseDatabaseSwift in Frameworks */,
				59205C5B2CFB3F46003CE9D4 /* CoreData.framework in Frameworks */,
				5917D3E62C4ACAA600B72587 /* FirebaseDatabase in Frameworks */,
				5917D3F02C4ACAA600B72587 /* FirebaseStorageCombine-Community in Frameworks */,
				5917D3E22C4ACAA600B72587 /* FirebaseAuth in Frameworks */,
				5917D3EC2C4ACAA600B72587 /* FirebaseFunctions in Frameworks */,
				5917D3EE2C4ACAA600B72587 /* FirebaseStorage in Frameworks */,
				5917D3EA2C4ACAA600B72587 /* FirebaseFirestore in Frameworks */,
				5917D3E42C4ACAA600B72587 /* FirebaseAuthCombine-Community in Frameworks */,
			);
			runOnlyForDeploymentPostprocessing = 0;
		};
/* End PBXFrameworksBuildPhase section */

/* Begin PBXGroup section */
		590A84EB2C93562A004D18F0 /* Settings */ = {
			isa = PBXGroup;
			children = (
				590A84EC2C935747004D18F0 /* SettingsViewController.swift */,
				590A84ED2C935747004D18F0 /* SettingsView.xib */,
			);
			path = Settings;
			sourceTree = "<group>";
		};
		5917D3F32C4AE2F300B72587 /* Utils */ = {
			isa = PBXGroup;
			children = (
				5917D3F42C4AE2FC00B72587 /* AuthService.swift */,
				590B3FAB2C541E1800C718A9 /* A2Codes.swift */,
				59B074D02D63C371003BF869 /* ExtraUtils.swift */,
			);
			path = Utils;
			sourceTree = "<group>";
		};
		591952D22BB5E17B00FD52FE /* Models */ = {
			isa = PBXGroup;
			children = (
				591952D32BB5E29000FD52FE /* LocationModel.swift */,
				591952D52BB5E29A00FD52FE /* UserModel.swift */,
				591952D72BB5E2A200FD52FE /* TripModel.swift */,
				5917D3F12C4ACE8000B72587 /* RegisterModel.swift */,
			);
			path = Models;
			sourceTree = "<group>";
		};
		591952DB2BB5E59D00FD52FE /* MyTripsCells */ = {
			isa = PBXGroup;
			children = (
				591952DC2BB5E5BC00FD52FE /* MyTripsViewCell.swift */,
				591952DD2BB5E5BC00FD52FE /* MyTripsViewCell.xib */,
			);
			path = MyTripsCells;
			sourceTree = "<group>";
		};
		59205C542CFB3DEC003CE9D4 /* Data */ = {
			isa = PBXGroup;
			children = (
				599C2CC12D73B12A004F9C46 /* DataSources */,
				59A949C22D6A5B4C00E175C6 /* Repository */,
				59205C552CFB3E0B003CE9D4 /* CoreData */,
				59CCBF4F2C70074100DE3A96 /* Dummies */,
			);
			path = Data;
			sourceTree = "<group>";
		};
		59205C552CFB3E0B003CE9D4 /* CoreData */ = {
			isa = PBXGroup;
			children = (
				59205C562CFB3E61003CE9D4 /* DataModel.xcdatamodeld */,
			);
			path = CoreData;
			sourceTree = "<group>";
		};
		59205C592CFB3F46003CE9D4 /* Frameworks */ = {
			isa = PBXGroup;
			children = (
				59205C5A2CFB3F46003CE9D4 /* CoreData.framework */,
			);
			name = Frameworks;
			sourceTree = "<group>";
		};
		5943E1982BB2147B001BEFD6 = {
			isa = PBXGroup;
			children = (
				5943E1A32BB2147B001BEFD6 /* TravelBook */,
				59205C592CFB3F46003CE9D4 /* Frameworks */,
				5943E1A22BB2147B001BEFD6 /* Products */,
			);
			sourceTree = "<group>";
		};
		5943E1A22BB2147B001BEFD6 /* Products */ = {
			isa = PBXGroup;
			children = (
				5943E1A12BB2147B001BEFD6 /* TravelBook.app */,
			);
			name = Products;
			sourceTree = "<group>";
		};
		5943E1A32BB2147B001BEFD6 /* TravelBook */ = {
			isa = PBXGroup;
			children = (
				59D02BA12D611B0400FA8777 /* Travelbook.entitlements */,
				59205C542CFB3DEC003CE9D4 /* Data */,
				5917D3F32C4AE2F300B72587 /* Utils */,
				59E3CBB32C41AAFA0023794A /* Views */,
				591952D22BB5E17B00FD52FE /* Models */,
				59EB98982C973E0F00655953 /* Entities */,
				5943E1A42BB2147B001BEFD6 /* AppDelegate.swift */,
				5943E1A62BB2147B001BEFD6 /* SceneDelegate.swift */,
				5943E1AD2BB2147C001BEFD6 /* Assets.xcassets */,
				5943E1AF2BB2147C001BEFD6 /* LaunchScreen.storyboard */,
				5943E1B22BB2147C001BEFD6 /* Info.plist */,
				5943E1C22BB21C53001BEFD6 /* TabBarController.swift */,
				5917D3DE2C4AC9E700B72587 /* GoogleService-Info.plist */,
			);
			path = TravelBook;
			sourceTree = "<group>";
		};
		5943E1B82BB214DA001BEFD6 /* Login */ = {
			isa = PBXGroup;
			children = (
				5943E1B92BB214EC001BEFD6 /* LoginViewController.swift */,
				5943E1BA2BB214EC001BEFD6 /* LoginView.xib */,
			);
			path = Login;
			sourceTree = "<group>";
		};
		5943E1BD2BB2164D001BEFD6 /* Register */ = {
			isa = PBXGroup;
			children = (
				5943E1BE2BB217BA001BEFD6 /* RegisterViewController.swift */,
				5943E1BF2BB217BA001BEFD6 /* RegisterView.xib */,
			);
			path = Register;
			sourceTree = "<group>";
		};
		5943E1C42BB21C68001BEFD6 /* Profile */ = {
			isa = PBXGroup;
			children = (
				59C74A3E2CEA7E610080724F /* AchievementsView */,
				5917956C2CA8C232001258BC /* ProfileView.swift */,
				592B40B82CE7B5BC006C6A1E /* ProfileViewHostingController.swift */,
				590A84EB2C93562A004D18F0 /* Settings */,
			);
			path = Profile;
			sourceTree = "<group>";
		};
		5943E1C92BB21CC4001BEFD6 /* MyTrips */ = {
			isa = PBXGroup;
			children = (
				599E5D0E2BB7688800E6DE7E /* TripView */,
				59F56CF12BB6177200D3649E /* AddTrip */,
				591952DB2BB5E59D00FD52FE /* MyTripsCells */,
				5943E1CA2BB21CE3001BEFD6 /* MyTripsCollectionViewController.swift */,
				5943E1CB2BB21CE3001BEFD6 /* MyTripsCollectionView.xib */,
			);
			path = MyTrips;
			sourceTree = "<group>";
		};
		59960C922BB885F800724A22 /* AddLocations */ = {
			isa = PBXGroup;
			children = (
				59960C932BB8860900724A22 /* AddLocationsViewController.swift */,
				59960C942BB8860900724A22 /* AddLocationsView.xib */,
			);
			path = AddLocations;
			sourceTree = "<group>";
		};
		599C2CC12D73B12A004F9C46 /* DataSources */ = {
			isa = PBXGroup;
			children = (
				59A949C52D6A5B8D00E175C6 /* LocalDataSource.swift */,
				59A949C72D6A5B9500E175C6 /* RemoteDataSource.swift */,
			);
			path = DataSources;
			sourceTree = "<group>";
		};
		599E5D0E2BB7688800E6DE7E /* TripView */ = {
			isa = PBXGroup;
			children = (
				59EE18222C83C2EF00228B4A /* TripViewCells */,
				599E5D0F2BB7689E00E6DE7E /* TripViewController.swift */,
				599E5D102BB7689E00E6DE7E /* TripView.xib */,
			);
			path = TripView;
			sourceTree = "<group>";
		};
		59A949C22D6A5B4C00E175C6 /* Repository */ = {
			isa = PBXGroup;
			children = (
				59A949C32D6A5B6300E175C6 /* Repository.swift */,
			);
			path = Repository;
			sourceTree = "<group>";
		};
		59C74A3E2CEA7E610080724F /* AchievementsView */ = {
			isa = PBXGroup;
			children = (
				59C74A3F2CEA7E710080724F /* AchievementsView.swift */,
				59C74A412CEA7EA10080724F /* AchievementsViewHostingController.swift */,
			);
			path = AchievementsView;
			sourceTree = "<group>";
		};
		59CCBF4F2C70074100DE3A96 /* Dummies */ = {
			isa = PBXGroup;
			children = (
				591952D92BB5E39200FD52FE /* CurrentUser.swift */,
			);
			path = Dummies;
			sourceTree = "<group>";
		};
		59E3CBB32C41AAFA0023794A /* Views */ = {
			isa = PBXGroup;
			children = (
				5943E1B82BB214DA001BEFD6 /* Login */,
				5943E1BD2BB2164D001BEFD6 /* Register */,
				5943E1C92BB21CC4001BEFD6 /* MyTrips */,
				5943E1C42BB21C68001BEFD6 /* Profile */,
			);
			path = Views;
			sourceTree = "<group>";
		};
		59EB98982C973E0F00655953 /* Entities */ = {
			isa = PBXGroup;
			children = (
				59EB98992C973E2700655953 /* UserEntity.swift */,
				59EB989B2C973E4000655953 /* TripEntity.swift */,
				59EB989D2C973E8500655953 /* LocationEntity.swift */,
			);
			path = Entities;
			sourceTree = "<group>";
		};
		59EE18222C83C2EF00228B4A /* TripViewCells */ = {
			isa = PBXGroup;
			children = (
				59EE18232C83C31000228B4A /* TripViewCellController.swift */,
				59EE18242C83C31000228B4A /* TripViewCell.xib */,
			);
			path = TripViewCells;
			sourceTree = "<group>";
		};
		59F56CF12BB6177200D3649E /* AddTrip */ = {
			isa = PBXGroup;
			children = (
				59F56CF72BB618A900D3649E /* NameAndDescriptionCell */,
				59960C922BB885F800724A22 /* AddLocations */,
				59A850EA2BB9C938005D3E9B /* AddTripViewController.swift */,
				59A850EB2BB9C938005D3E9B /* AddTripView.xib */,
			);
			path = AddTrip;
			sourceTree = "<group>";
		};
		59F56CF72BB618A900D3649E /* NameAndDescriptionCell */ = {
			isa = PBXGroup;
			children = (
				59F56CFC2BB618EF00D3649E /* NameAndDescriptionTableViewCell.swift */,
				59F56CFD2BB618EF00D3649E /* NameAndDescriptionTableView.xib */,
			);
			path = NameAndDescriptionCell;
			sourceTree = "<group>";
		};
/* End PBXGroup section */

/* Begin PBXNativeTarget section */
		5943E1A02BB2147B001BEFD6 /* TravelBook */ = {
			isa = PBXNativeTarget;
			buildConfigurationList = 5943E1B52BB2147C001BEFD6 /* Build configuration list for PBXNativeTarget "TravelBook" */;
			buildPhases = (
				5943E19D2BB2147B001BEFD6 /* Sources */,
				5943E19E2BB2147B001BEFD6 /* Frameworks */,
				5943E19F2BB2147B001BEFD6 /* Resources */,
			);
			buildRules = (
			);
			dependencies = (
			);
			name = TravelBook;
			packageProductDependencies = (
				5917D3E12C4ACAA600B72587 /* FirebaseAuth */,
				5917D3E32C4ACAA600B72587 /* FirebaseAuthCombine-Community */,
				5917D3E52C4ACAA600B72587 /* FirebaseDatabase */,
				5917D3E72C4ACAA600B72587 /* FirebaseDatabaseSwift */,
				5917D3E92C4ACAA600B72587 /* FirebaseFirestore */,
				5917D3EB2C4ACAA600B72587 /* FirebaseFunctions */,
				5917D3ED2C4ACAA600B72587 /* FirebaseStorage */,
				5917D3EF2C4ACAA600B72587 /* FirebaseStorageCombine-Community */,
			);
			productName = TravelBook;
			productReference = 5943E1A12BB2147B001BEFD6 /* TravelBook.app */;
			productType = "com.apple.product-type.application";
		};
/* End PBXNativeTarget section */

/* Begin PBXProject section */
		5943E1992BB2147B001BEFD6 /* Project object */ = {
			isa = PBXProject;
			attributes = {
				BuildIndependentTargetsInParallel = 1;
				LastSwiftUpdateCheck = 1420;
				LastUpgradeCheck = 1420;
				TargetAttributes = {
					5943E1A02BB2147B001BEFD6 = {
						CreatedOnToolsVersion = 14.2;
					};
				};
			};
			buildConfigurationList = 5943E19C2BB2147B001BEFD6 /* Build configuration list for PBXProject "TravelBook" */;
			compatibilityVersion = "Xcode 14.0";
			developmentRegion = en;
			hasScannedForEncodings = 0;
			knownRegions = (
				en,
				Base,
			);
			mainGroup = 5943E1982BB2147B001BEFD6;
			packageReferences = (
				5917D3E02C4ACAA600B72587 /* XCRemoteSwiftPackageReference "firebase-ios-sdk" */,
			);
			productRefGroup = 5943E1A22BB2147B001BEFD6 /* Products */;
			projectDirPath = "";
			projectRoot = "";
			targets = (
				5943E1A02BB2147B001BEFD6 /* TravelBook */,
			);
		};
/* End PBXProject section */

/* Begin PBXResourcesBuildPhase section */
		5943E19F2BB2147B001BEFD6 /* Resources */ = {
			isa = PBXResourcesBuildPhase;
			buildActionMask = 2147483647;
			files = (
				599E5D122BB7689E00E6DE7E /* TripView.xib in Resources */,
				5943E1BC2BB214EC001BEFD6 /* LoginView.xib in Resources */,
				5943E1C12BB217BA001BEFD6 /* RegisterView.xib in Resources */,
				59F56CFF2BB618EF00D3649E /* NameAndDescriptionTableView.xib in Resources */,
				591952DF2BB5E5BC00FD52FE /* MyTripsViewCell.xib in Resources */,
				59960C952BB8860900724A22 /* AddLocationsView.xib in Resources */,
				5943E1B12BB2147C001BEFD6 /* LaunchScreen.storyboard in Resources */,
				59EE18262C83C31000228B4A /* TripViewCell.xib in Resources */,
				5943E1CD2BB21CE3001BEFD6 /* MyTripsCollectionView.xib in Resources */,
				590A84EF2C935747004D18F0 /* SettingsView.xib in Resources */,
				5943E1AE2BB2147C001BEFD6 /* Assets.xcassets in Resources */,
				59A850EC2BB9C938005D3E9B /* AddTripView.xib in Resources */,
				5917D3DF2C4AC9E700B72587 /* GoogleService-Info.plist in Resources */,
			);
			runOnlyForDeploymentPostprocessing = 0;
		};
/* End PBXResourcesBuildPhase section */

/* Begin PBXSourcesBuildPhase section */
		5943E19D2BB2147B001BEFD6 /* Sources */ = {
			isa = PBXSourcesBuildPhase;
			buildActionMask = 2147483647;
			files = (
				591952D82BB5E2A200FD52FE /* TripModel.swift in Sources */,
				59A949C82D6A5B9500E175C6 /* RemoteDataSource.swift in Sources */,
				5943E1BB2BB214EC001BEFD6 /* LoginViewController.swift in Sources */,
				5943E1C02BB217BA001BEFD6 /* RegisterViewController.swift in Sources */,
				599E5D112BB7689E00E6DE7E /* TripViewController.swift in Sources */,
				59A949C42D6A5B6300E175C6 /* Repository.swift in Sources */,
				59A850ED2BB9C938005D3E9B /* AddTripViewController.swift in Sources */,
				5943E1CC2BB21CE3001BEFD6 /* MyTripsCollectionViewController.swift in Sources */,
				59A949C62D6A5B8D00E175C6 /* LocalDataSource.swift in Sources */,
				5917D3F52C4AE2FC00B72587 /* AuthService.swift in Sources */,
				59C74A422CEA7EA10080724F /* AchievementsViewHostingController.swift in Sources */,
				591952D42BB5E29000FD52FE /* LocationModel.swift in Sources */,
				59960C962BB8860900724A22 /* AddLocationsViewController.swift in Sources */,
				59EE18252C83C31000228B4A /* TripViewCellController.swift in Sources */,
				5943E1C32BB21C53001BEFD6 /* TabBarController.swift in Sources */,
				5943E1A52BB2147B001BEFD6 /* AppDelegate.swift in Sources */,
				590A84EE2C935747004D18F0 /* SettingsViewController.swift in Sources */,
				59F56CFE2BB618EF00D3649E /* NameAndDescriptionTableViewCell.swift in Sources */,
				5917D3F22C4ACE8000B72587 /* RegisterModel.swift in Sources */,
				59B074D12D63C371003BF869 /* ExtraUtils.swift in Sources */,
				591952DE2BB5E5BC00FD52FE /* MyTripsViewCell.swift in Sources */,
				590B3FAC2C541E1800C718A9 /* A2Codes.swift in Sources */,
				5917956D2CA8C232001258BC /* ProfileView.swift in Sources */,
				59C74A402CEA7E710080724F /* AchievementsView.swift in Sources */,
				591952D62BB5E29A00FD52FE /* UserModel.swift in Sources */,
				59205C582CFB3E61003CE9D4 /* DataModel.xcdatamodeld in Sources */,
				591952DA2BB5E39200FD52FE /* CurrentUser.swift in Sources */,
				592B40B92CE7B5BC006C6A1E /* ProfileViewHostingController.swift in Sources */,
				59EB989C2C973E4000655953 /* TripEntity.swift in Sources */,
				59EB989A2C973E2700655953 /* UserEntity.swift in Sources */,
				59EB989E2C973E8500655953 /* LocationEntity.swift in Sources */,
				5943E1A72BB2147B001BEFD6 /* SceneDelegate.swift in Sources */,
			);
			runOnlyForDeploymentPostprocessing = 0;
		};
/* End PBXSourcesBuildPhase section */

/* Begin PBXVariantGroup section */
		5943E1AF2BB2147C001BEFD6 /* LaunchScreen.storyboard */ = {
			isa = PBXVariantGroup;
			children = (
				5943E1B02BB2147C001BEFD6 /* Base */,
			);
			name = LaunchScreen.storyboard;
			sourceTree = "<group>";
		};
/* End PBXVariantGroup section */

/* Begin XCBuildConfiguration section */
		5943E1B32BB2147C001BEFD6 /* Debug */ = {
			isa = XCBuildConfiguration;
			buildSettings = {
				ALWAYS_SEARCH_USER_PATHS = NO;
				CLANG_ANALYZER_NONNULL = YES;
				CLANG_ANALYZER_NUMBER_OBJECT_CONVERSION = YES_AGGRESSIVE;
				CLANG_CXX_LANGUAGE_STANDARD = "gnu++20";
				CLANG_ENABLE_MODULES = YES;
				CLANG_ENABLE_OBJC_ARC = YES;
				CLANG_ENABLE_OBJC_WEAK = YES;
				CLANG_WARN_BLOCK_CAPTURE_AUTORELEASING = YES;
				CLANG_WARN_BOOL_CONVERSION = YES;
				CLANG_WARN_COMMA = YES;
				CLANG_WARN_CONSTANT_CONVERSION = YES;
				CLANG_WARN_DEPRECATED_OBJC_IMPLEMENTATIONS = YES;
				CLANG_WARN_DIRECT_OBJC_ISA_USAGE = YES_ERROR;
				CLANG_WARN_DOCUMENTATION_COMMENTS = YES;
				CLANG_WARN_EMPTY_BODY = YES;
				CLANG_WARN_ENUM_CONVERSION = YES;
				CLANG_WARN_INFINITE_RECURSION = YES;
				CLANG_WARN_INT_CONVERSION = YES;
				CLANG_WARN_NON_LITERAL_NULL_CONVERSION = YES;
				CLANG_WARN_OBJC_IMPLICIT_RETAIN_SELF = YES;
				CLANG_WARN_OBJC_LITERAL_CONVERSION = YES;
				CLANG_WARN_OBJC_ROOT_CLASS = YES_ERROR;
				CLANG_WARN_QUOTED_INCLUDE_IN_FRAMEWORK_HEADER = YES;
				CLANG_WARN_RANGE_LOOP_ANALYSIS = YES;
				CLANG_WARN_STRICT_PROTOTYPES = YES;
				CLANG_WARN_SUSPICIOUS_MOVE = YES;
				CLANG_WARN_UNGUARDED_AVAILABILITY = YES_AGGRESSIVE;
				CLANG_WARN_UNREACHABLE_CODE = YES;
				CLANG_WARN__DUPLICATE_METHOD_MATCH = YES;
				"CODE_SIGN_ENTITLEMENTS[sdk=*]" = TravelBook/Travelbook.entitlements;
				COPY_PHASE_STRIP = NO;
				DEBUG_INFORMATION_FORMAT = dwarf;
				ENABLE_STRICT_OBJC_MSGSEND = YES;
				ENABLE_TESTABILITY = YES;
				GCC_C_LANGUAGE_STANDARD = gnu11;
				GCC_DYNAMIC_NO_PIC = NO;
				GCC_NO_COMMON_BLOCKS = YES;
				GCC_OPTIMIZATION_LEVEL = 0;
				GCC_PREPROCESSOR_DEFINITIONS = (
					"DEBUG=1",
					"$(inherited)",
				);
				GCC_WARN_64_TO_32_BIT_CONVERSION = YES;
				GCC_WARN_ABOUT_RETURN_TYPE = YES_ERROR;
				GCC_WARN_UNDECLARED_SELECTOR = YES;
				GCC_WARN_UNINITIALIZED_AUTOS = YES_AGGRESSIVE;
				GCC_WARN_UNUSED_FUNCTION = YES;
				GCC_WARN_UNUSED_VARIABLE = YES;
				IPHONEOS_DEPLOYMENT_TARGET = 16.2;
				MTL_ENABLE_DEBUG_INFO = INCLUDE_SOURCE;
				MTL_FAST_MATH = YES;
				ONLY_ACTIVE_ARCH = YES;
				SDKROOT = iphoneos;
				SWIFT_ACTIVE_COMPILATION_CONDITIONS = DEBUG;
				SWIFT_OPTIMIZATION_LEVEL = "-Onone";
			};
			name = Debug;
		};
		5943E1B42BB2147C001BEFD6 /* Release */ = {
			isa = XCBuildConfiguration;
			buildSettings = {
				ALWAYS_SEARCH_USER_PATHS = NO;
				CLANG_ANALYZER_NONNULL = YES;
				CLANG_ANALYZER_NUMBER_OBJECT_CONVERSION = YES_AGGRESSIVE;
				CLANG_CXX_LANGUAGE_STANDARD = "gnu++20";
				CLANG_ENABLE_MODULES = YES;
				CLANG_ENABLE_OBJC_ARC = YES;
				CLANG_ENABLE_OBJC_WEAK = YES;
				CLANG_WARN_BLOCK_CAPTURE_AUTORELEASING = YES;
				CLANG_WARN_BOOL_CONVERSION = YES;
				CLANG_WARN_COMMA = YES;
				CLANG_WARN_CONSTANT_CONVERSION = YES;
				CLANG_WARN_DEPRECATED_OBJC_IMPLEMENTATIONS = YES;
				CLANG_WARN_DIRECT_OBJC_ISA_USAGE = YES_ERROR;
				CLANG_WARN_DOCUMENTATION_COMMENTS = YES;
				CLANG_WARN_EMPTY_BODY = YES;
				CLANG_WARN_ENUM_CONVERSION = YES;
				CLANG_WARN_INFINITE_RECURSION = YES;
				CLANG_WARN_INT_CONVERSION = YES;
				CLANG_WARN_NON_LITERAL_NULL_CONVERSION = YES;
				CLANG_WARN_OBJC_IMPLICIT_RETAIN_SELF = YES;
				CLANG_WARN_OBJC_LITERAL_CONVERSION = YES;
				CLANG_WARN_OBJC_ROOT_CLASS = YES_ERROR;
				CLANG_WARN_QUOTED_INCLUDE_IN_FRAMEWORK_HEADER = YES;
				CLANG_WARN_RANGE_LOOP_ANALYSIS = YES;
				CLANG_WARN_STRICT_PROTOTYPES = YES;
				CLANG_WARN_SUSPICIOUS_MOVE = YES;
				CLANG_WARN_UNGUARDED_AVAILABILITY = YES_AGGRESSIVE;
				CLANG_WARN_UNREACHABLE_CODE = YES;
				CLANG_WARN__DUPLICATE_METHOD_MATCH = YES;
				COPY_PHASE_STRIP = NO;
				DEBUG_INFORMATION_FORMAT = "dwarf-with-dsym";
				ENABLE_NS_ASSERTIONS = NO;
				ENABLE_STRICT_OBJC_MSGSEND = YES;
				GCC_C_LANGUAGE_STANDARD = gnu11;
				GCC_NO_COMMON_BLOCKS = YES;
				GCC_WARN_64_TO_32_BIT_CONVERSION = YES;
				GCC_WARN_ABOUT_RETURN_TYPE = YES_ERROR;
				GCC_WARN_UNDECLARED_SELECTOR = YES;
				GCC_WARN_UNINITIALIZED_AUTOS = YES_AGGRESSIVE;
				GCC_WARN_UNUSED_FUNCTION = YES;
				GCC_WARN_UNUSED_VARIABLE = YES;
				IPHONEOS_DEPLOYMENT_TARGET = 16.2;
				MTL_ENABLE_DEBUG_INFO = NO;
				MTL_FAST_MATH = YES;
				SDKROOT = iphoneos;
				SWIFT_COMPILATION_MODE = wholemodule;
				SWIFT_OPTIMIZATION_LEVEL = "-O";
				VALIDATE_PRODUCT = YES;
			};
			name = Release;
		};
		5943E1B62BB2147C001BEFD6 /* Debug */ = {
			isa = XCBuildConfiguration;
			buildSettings = {
				ASSETCATALOG_COMPILER_APPICON_NAME = AppIcon;
				ASSETCATALOG_COMPILER_GLOBAL_ACCENT_COLOR_NAME = AccentColor;
				CODE_SIGN_ENTITLEMENTS = TravelBook/TravelBook.entitlements;
				CODE_SIGN_STYLE = Automatic;
				CURRENT_PROJECT_VERSION = 1;
				DEVELOPMENT_TEAM = WXAAK3FNEG;
				GENERATE_INFOPLIST_FILE = YES;
				INFOPLIST_FILE = TravelBook/Info.plist;
				INFOPLIST_KEY_CFBundleDisplayName = TravelBook;
				INFOPLIST_KEY_LSApplicationCategoryType = "public.app-category.travel";
				INFOPLIST_KEY_UIApplicationSupportsIndirectInputEvents = YES;
				INFOPLIST_KEY_UILaunchStoryboardName = LaunchScreen;
				INFOPLIST_KEY_UISupportedInterfaceOrientations = UIInterfaceOrientationPortrait;
				IPHONEOS_DEPLOYMENT_TARGET = 15.6;
				LD_RUNPATH_SEARCH_PATHS = (
					"$(inherited)",
					"@executable_path/Frameworks",
				);
				MARKETING_VERSION = 1.0;
				PRODUCT_BUNDLE_IDENTIFIER = javi.TravelBook;
				PRODUCT_NAME = "$(TARGET_NAME)";
				SWIFT_EMIT_LOC_STRINGS = YES;
				SWIFT_VERSION = 5.0;
				TARGETED_DEVICE_FAMILY = "1,2";
			};
			name = Debug;
		};
		5943E1B72BB2147C001BEFD6 /* Release */ = {
			isa = XCBuildConfiguration;
			buildSettings = {
				ASSETCATALOG_COMPILER_APPICON_NAME = AppIcon;
				ASSETCATALOG_COMPILER_GLOBAL_ACCENT_COLOR_NAME = AccentColor;
				CODE_SIGN_ENTITLEMENTS = TravelBook/TravelBook.entitlements;
				CODE_SIGN_STYLE = Automatic;
				CURRENT_PROJECT_VERSION = 1;
				DEVELOPMENT_TEAM = WXAAK3FNEG;
				GENERATE_INFOPLIST_FILE = YES;
				INFOPLIST_FILE = TravelBook/Info.plist;
				INFOPLIST_KEY_CFBundleDisplayName = TravelBook;
				INFOPLIST_KEY_LSApplicationCategoryType = "public.app-category.travel";
				INFOPLIST_KEY_UIApplicationSupportsIndirectInputEvents = YES;
				INFOPLIST_KEY_UILaunchStoryboardName = LaunchScreen;
				INFOPLIST_KEY_UISupportedInterfaceOrientations = UIInterfaceOrientationPortrait;
				IPHONEOS_DEPLOYMENT_TARGET = 15.6;
				LD_RUNPATH_SEARCH_PATHS = (
					"$(inherited)",
					"@executable_path/Frameworks",
				);
				MARKETING_VERSION = 1.0;
				PRODUCT_BUNDLE_IDENTIFIER = javi.TravelBook;
				PRODUCT_NAME = "$(TARGET_NAME)";
				SWIFT_EMIT_LOC_STRINGS = YES;
				SWIFT_VERSION = 5.0;
				TARGETED_DEVICE_FAMILY = "1,2";
			};
			name = Release;
		};
/* End XCBuildConfiguration section */

/* Begin XCConfigurationList section */
		5943E19C2BB2147B001BEFD6 /* Build configuration list for PBXProject "TravelBook" */ = {
			isa = XCConfigurationList;
			buildConfigurations = (
				5943E1B32BB2147C001BEFD6 /* Debug */,
				5943E1B42BB2147C001BEFD6 /* Release */,
			);
			defaultConfigurationIsVisible = 0;
			defaultConfigurationName = Release;
		};
		5943E1B52BB2147C001BEFD6 /* Build configuration list for PBXNativeTarget "TravelBook" */ = {
			isa = XCConfigurationList;
			buildConfigurations = (
				5943E1B62BB2147C001BEFD6 /* Debug */,
				5943E1B72BB2147C001BEFD6 /* Release */,
			);
			defaultConfigurationIsVisible = 0;
			defaultConfigurationName = Release;
		};
/* End XCConfigurationList section */

/* Begin XCRemoteSwiftPackageReference section */
		5917D3E02C4ACAA600B72587 /* XCRemoteSwiftPackageReference "firebase-ios-sdk" */ = {
			isa = XCRemoteSwiftPackageReference;
			repositoryURL = "https://github.com/firebase/firebase-ios-sdk";
			requirement = {
				kind = upToNextMajorVersion;
				minimumVersion = 10.0.0;
			};
		};
/* End XCRemoteSwiftPackageReference section */

/* Begin XCSwiftPackageProductDependency section */
		5917D3E12C4ACAA600B72587 /* FirebaseAuth */ = {
			isa = XCSwiftPackageProductDependency;
			package = 5917D3E02C4ACAA600B72587 /* XCRemoteSwiftPackageReference "firebase-ios-sdk" */;
			productName = FirebaseAuth;
		};
		5917D3E32C4ACAA600B72587 /* FirebaseAuthCombine-Community */ = {
			isa = XCSwiftPackageProductDependency;
			package = 5917D3E02C4ACAA600B72587 /* XCRemoteSwiftPackageReference "firebase-ios-sdk" */;
			productName = "FirebaseAuthCombine-Community";
		};
		5917D3E52C4ACAA600B72587 /* FirebaseDatabase */ = {
			isa = XCSwiftPackageProductDependency;
			package = 5917D3E02C4ACAA600B72587 /* XCRemoteSwiftPackageReference "firebase-ios-sdk" */;
			productName = FirebaseDatabase;
		};
		5917D3E72C4ACAA600B72587 /* FirebaseDatabaseSwift */ = {
			isa = XCSwiftPackageProductDependency;
			package = 5917D3E02C4ACAA600B72587 /* XCRemoteSwiftPackageReference "firebase-ios-sdk" */;
			productName = FirebaseDatabaseSwift;
		};
		5917D3E92C4ACAA600B72587 /* FirebaseFirestore */ = {
			isa = XCSwiftPackageProductDependency;
			package = 5917D3E02C4ACAA600B72587 /* XCRemoteSwiftPackageReference "firebase-ios-sdk" */;
			productName = FirebaseFirestore;
		};
		5917D3EB2C4ACAA600B72587 /* FirebaseFunctions */ = {
			isa = XCSwiftPackageProductDependency;
			package = 5917D3E02C4ACAA600B72587 /* XCRemoteSwiftPackageReference "firebase-ios-sdk" */;
			productName = FirebaseFunctions;
		};
		5917D3ED2C4ACAA600B72587 /* FirebaseStorage */ = {
			isa = XCSwiftPackageProductDependency;
			package = 5917D3E02C4ACAA600B72587 /* XCRemoteSwiftPackageReference "firebase-ios-sdk" */;
			productName = FirebaseStorage;
		};
		5917D3EF2C4ACAA600B72587 /* FirebaseStorageCombine-Community */ = {
			isa = XCSwiftPackageProductDependency;
			package = 5917D3E02C4ACAA600B72587 /* XCRemoteSwiftPackageReference "firebase-ios-sdk" */;
			productName = "FirebaseStorageCombine-Community";
		};
/* End XCSwiftPackageProductDependency section */

/* Begin XCVersionGroup section */
		59205C562CFB3E61003CE9D4 /* DataModel.xcdatamodeld */ = {
			isa = XCVersionGroup;
			children = (
				59205C572CFB3E61003CE9D4 /* DataModel.xcdatamodel */,
			);
			currentVersion = 59205C572CFB3E61003CE9D4 /* DataModel.xcdatamodel */;
			path = DataModel.xcdatamodeld;
			sourceTree = "<group>";
			versionGroupType = wrapper.xcdatamodel;
		};
/* End XCVersionGroup section */
	};
	rootObject = 5943E1992BB2147B001BEFD6 /* Project object */;
}
